
Microsoft Visual Studio Solution File, Format Version 12.00
# Visual Studio Version 17
VisualStudioVersion = 17.2.32616.157
MinimumVisualStudioVersion = 10.0.40219.1
Project("{FAE04EC0-301F-11D3-BF4B-00C04F79EFBC}") = "RandomNumber", "RandomNumber\RandomNumber.csproj", "{6F9867EA-B208-4FEB-9BF1-FC39C29B1566}"
EndProject
Global
	GlobalSection(SolutionConfigurationPlatforms) = preSolution
		Debug|Any CPU = Debug|Any CPU
		Release|Any CPU = Release|Any CPU
	EndGlobalSection
	GlobalSection(ProjectConfigurationPlatforms) = postSolution
		{6F9867EA-B208-4FEB-9BF1-FC39C29B1566}.Debug|Any CPU.ActiveCfg = Debug|Any CPU
		{6F9867EA-B208-4FEB-9BF1-FC39C29B1566}.Debug|Any CPU.Build.0 = Debug|Any CPU
		{6F9867EA-B208-4FEB-9BF1-FC39C29B1566}.Release|Any CPU.ActiveCfg = Release|Any CPU
		{6F9867EA-B208-4FEB-9BF1-FC39C29B1566}.Release|Any CPU.Build.0 = Release|Any CPU
	EndGlobalSection
	GlobalSection(SolutionProperties) = preSolution
		HideSolutionNode = FALSE
	EndGlobalSection
	GlobalSection(ExtensibilityGlobals) = postSolution
		SolutionGuid = {45F1469C-BF4B-402F-BCE6-2FD783AF18FF}
	EndGlobalSection
EndGlobal
